// !$*UTF8*$!
{
	archiveVersion = 1;
	classes = {
	};
	objectVersion = 50;
	objects = {

/* Begin PBXBuildFile section */
		8981E2BE22D41DDF00E2EFE5 /* AppDelegate.swift in Sources */ = {isa = PBXBuildFile; fileRef = 8981E2BD22D41DDF00E2EFE5 /* AppDelegate.swift */; };
		8981E2C022D41DDF00E2EFE5 /* ViewController.swift in Sources */ = {isa = PBXBuildFile; fileRef = 8981E2BF22D41DDF00E2EFE5 /* ViewController.swift */; };
		8981E2C322D41DDF00E2EFE5 /* Main.storyboard in Resources */ = {isa = PBXBuildFile; fileRef = 8981E2C122D41DDF00E2EFE5 /* Main.storyboard */; };
		8981E2C522D41DE000E2EFE5 /* Assets.xcassets in Resources */ = {isa = PBXBuildFile; fileRef = 8981E2C422D41DE000E2EFE5 /* Assets.xcassets */; };
		8981E2C822D41DE000E2EFE5 /* LaunchScreen.storyboard in Resources */ = {isa = PBXBuildFile; fileRef = 8981E2C622D41DE000E2EFE5 /* LaunchScreen.storyboard */; };
		8981E2D022D41E2D00E2EFE5 /* FRHTTP.framework in Frameworks */ = {isa = PBXBuildFile; fileRef = 8981E2CF22D41E2D00E2EFE5 /* FRHTTP.framework */; };
		8981E2D122D41E2D00E2EFE5 /* FRHTTP.framework in Embed Frameworks */ = {isa = PBXBuildFile; fileRef = 8981E2CF22D41E2D00E2EFE5 /* FRHTTP.framework */; settings = {ATTRIBUTES = (CodeSignOnCopy, RemoveHeadersOnCopy, ); }; };
		8981E2D522D41E5700E2EFE5 /* HTTPFunc.swift in Sources */ = {isa = PBXBuildFile; fileRef = 8981E2D422D41E5700E2EFE5 /* HTTPFunc.swift */; };
/* End PBXBuildFile section */

/* Begin PBXCopyFilesBuildPhase section */
		8981E2D222D41E2D00E2EFE5 /* Embed Frameworks */ = {
			isa = PBXCopyFilesBuildPhase;
			buildActionMask = 2147483647;
			dstPath = "";
			dstSubfolderSpec = 10;
			files = (
				8981E2D122D41E2D00E2EFE5 /* FRHTTP.framework in Embed Frameworks */,
			);
			name = "Embed Frameworks";
			runOnlyForDeploymentPostprocessing = 0;
		};
/* End PBXCopyFilesBuildPhase section */

/* Begin PBXFileReference section */
		8981E2BA22D41DDF00E2EFE5 /* FRNetworkSample.app */ = {isa = PBXFileReference; explicitFileType = wrapper.application; includeInIndex = 0; path = FRNetworkSample.app; sourceTree = BUILT_PRODUCTS_DIR; };
		8981E2BD22D41DDF00E2EFE5 /* AppDelegate.swift */ = {isa = PBXFileReference; lastKnownFileType = sourcecode.swift; path = AppDelegate.swift; sourceTree = "<group>"; };
		8981E2BF22D41DDF00E2EFE5 /* ViewController.swift */ = {isa = PBXFileReference; lastKnownFileType = sourcecode.swift; path = ViewController.swift; sourceTree = "<group>"; };
		8981E2C222D41DDF00E2EFE5 /* Base */ = {isa = PBXFileReference; lastKnownFileType = file.storyboard; name = Base; path = Base.lproj/Main.storyboard; sourceTree = "<group>"; };
		8981E2C422D41DE000E2EFE5 /* Assets.xcassets */ = {isa = PBXFileReference; lastKnownFileType = folder.assetcatalog; path = Assets.xcassets; sourceTree = "<group>"; };
		8981E2C722D41DE000E2EFE5 /* Base */ = {isa = PBXFileReference; lastKnownFileType = file.storyboard; name = Base; path = Base.lproj/LaunchScreen.storyboard; sourceTree = "<group>"; };
		8981E2C922D41DE000E2EFE5 /* Info.plist */ = {isa = PBXFileReference; lastKnownFileType = text.plist.xml; path = Info.plist; sourceTree = "<group>"; };
		8981E2CF22D41E2D00E2EFE5 /* FRHTTP.framework */ = {isa = PBXFileReference; explicitFileType = wrapper.framework; path = FRHTTP.framework; sourceTree = BUILT_PRODUCTS_DIR; };
		8981E2D422D41E5700E2EFE5 /* HTTPFunc.swift */ = {isa = PBXFileReference; lastKnownFileType = sourcecode.swift; path = HTTPFunc.swift; sourceTree = "<group>"; };
/* End PBXFileReference section */

/* Begin PBXFrameworksBuildPhase section */
		8981E2B722D41DDF00E2EFE5 /* Frameworks */ = {
			isa = PBXFrameworksBuildPhase;
			buildActionMask = 2147483647;
			files = (
				8981E2D022D41E2D00E2EFE5 /* FRHTTP.framework in Frameworks */,
			);
			runOnlyForDeploymentPostprocessing = 0;
		};
/* End PBXFrameworksBuildPhase section */

/* Begin PBXGroup section */
		8981E2B122D41DDF00E2EFE5 = {
			isa = PBXGroup;
			children = (
				8981E2CF22D41E2D00E2EFE5 /* FRHTTP.framework */,
				8981E2BC22D41DDF00E2EFE5 /* FRNetworkSample */,
				8981E2BB22D41DDF00E2EFE5 /* Products */,
			);
			sourceTree = "<group>";
		};
		8981E2BB22D41DDF00E2EFE5 /* Products */ = {
			isa = PBXGroup;
			children = (
				8981E2BA22D41DDF00E2EFE5 /* FRNetworkSample.app */,
			);
			name = Products;
			sourceTree = "<group>";
		};
		8981E2BC22D41DDF00E2EFE5 /* FRNetworkSample */ = {
			isa = PBXGroup;
			children = (
				8981E2BD22D41DDF00E2EFE5 /* AppDelegate.swift */,
				8981E2BF22D41DDF00E2EFE5 /* ViewController.swift */,
				8981E2C122D41DDF00E2EFE5 /* Main.storyboard */,
				8981E2C422D41DE000E2EFE5 /* Assets.xcassets */,
				8981E2C622D41DE000E2EFE5 /* LaunchScreen.storyboard */,
				8981E2C922D41DE000E2EFE5 /* Info.plist */,
				8981E2D422D41E5700E2EFE5 /* HTTPFunc.swift */,
			);
			path = FRNetworkSample;
			sourceTree = "<group>";
		};
/* End PBXGroup section */

/* Begin PBXNativeTarget section */
		8981E2B922D41DDF00E2EFE5 /* FRNetworkSample */ = {
			isa = PBXNativeTarget;
			buildConfigurationList = 8981E2CC22D41DE000E2EFE5 /* Build configuration list for PBXNativeTarget "FRNetworkSample" */;
			buildPhases = (
				8981E2B622D41DDF00E2EFE5 /* Sources */,
				8981E2B722D41DDF00E2EFE5 /* Frameworks */,
				8981E2B822D41DDF00E2EFE5 /* Resources */,
				8981E2D222D41E2D00E2EFE5 /* Embed Frameworks */,
			);
			buildRules = (
			);
			dependencies = (
			);
			name = FRNetworkSample;
			productName = FRNetworkSample;
			productReference = 8981E2BA22D41DDF00E2EFE5 /* FRNetworkSample.app */;
			productType = "com.apple.product-type.application";
		};
/* End PBXNativeTarget section */

/* Begin PBXProject section */
		8981E2B222D41DDF00E2EFE5 /* Project object */ = {
			isa = PBXProject;
			attributes = {
				LastSwiftUpdateCheck = 1020;
				LastUpgradeCheck = 1020;
				ORGANIZATIONNAME = "강상우";
				TargetAttributes = {
					8981E2B922D41DDF00E2EFE5 = {
						CreatedOnToolsVersion = 10.2.1;
					};
				};
			};
			buildConfigurationList = 8981E2B522D41DDF00E2EFE5 /* Build configuration list for PBXProject "FRNetworkSample" */;
			compatibilityVersion = "Xcode 9.3";
			developmentRegion = en;
			hasScannedForEncodings = 0;
			knownRegions = (
				en,
				Base,
			);
			mainGroup = 8981E2B122D41DDF00E2EFE5;
			productRefGroup = 8981E2BB22D41DDF00E2EFE5 /* Products */;
			projectDirPath = "";
			projectRoot = "";
			targets = (
				8981E2B922D41DDF00E2EFE5 /* FRNetworkSample */,
			);
		};
/* End PBXProject section */

/* Begin PBXResourcesBuildPhase section */
		8981E2B822D41DDF00E2EFE5 /* Resources */ = {
			isa = PBXResourcesBuildPhase;
			buildActionMask = 2147483647;
			files = (
				8981E2C822D41DE000E2EFE5 /* LaunchScreen.storyboard in Resources */,
				8981E2C522D41DE000E2EFE5 /* Assets.xcassets in Resources */,
				8981E2C322D41DDF00E2EFE5 /* Main.storyboard in Resources */,
			);
			runOnlyForDeploymentPostprocessing = 0;
		};
/* End PBXResourcesBuildPhase section */

/* Begin PBXSourcesBuildPhase section */
		8981E2B622D41DDF00E2EFE5 /* Sources */ = {
			isa = PBXSourcesBuildPhase;
			buildActionMask = 2147483647;
			files = (
				8981E2D522D41E5700E2EFE5 /* HTTPFunc.swift in Sources */,
				8981E2C022D41DDF00E2EFE5 /* ViewController.swift in Sources */,
				8981E2BE22D41DDF00E2EFE5 /* AppDelegate.swift in Sources */,
			);
			runOnlyForDeploymentPostprocessing = 0;
		};
/* End PBXSourcesBuildPhase section */

/* Begin PBXVariantGroup section */
		8981E2C122D41DDF00E2EFE5 /* Main.storyboard */ = {
			isa = PBXVariantGroup;
			children = (
				8981E2C222D41DDF00E2EFE5 /* Base */,
			);
			name = Main.storyboard;
			sourceTree = "<group>";
		};
		8981E2C622D41DE000E2EFE5 /* LaunchScreen.storyboard */ = {
			isa = PBXVariantGroup;
			children = (
				8981E2C722D41DE000E2EFE5 /* Base */,
			);
			name = LaunchScreen.storyboard;
			sourceTree = "<group>";
		};
/* End PBXVariantGroup section */

/* Begin XCBuildConfiguration section */
		8981E2CA22D41DE000E2EFE5 /* Debug */ = {
			isa = XCBuildConfiguration;
			buildSettings = {
				ALWAYS_SEARCH_USER_PATHS = NO;
				CLANG_ANALYZER_NONNULL = YES;
				CLANG_ANALYZER_NUMBER_OBJECT_CONVERSION = YES_AGGRESSIVE;
				CLANG_CXX_LANGUAGE_STANDARD = "gnu++14";
				CLANG_CXX_LIBRARY = "libc++";
				CLANG_ENABLE_MODULES = YES;
				CLANG_ENABLE_OBJC_ARC = YES;
				CLANG_ENABLE_OBJC_WEAK = YES;
				CLANG_WARN_BLOCK_CAPTURE_AUTORELEASING = YES;
				CLANG_WARN_BOOL_CONVERSION = YES;
				CLANG_WARN_COMMA = YES;
				CLANG_WARN_CONSTANT_CONVERSION = YES;
				CLANG_WARN_DEPRECATED_OBJC_IMPLEMENTATIONS = YES;
				CLANG_WARN_DIRECT_OBJC_ISA_USAGE = YES_ERROR;
				CLANG_WARN_DOCUMENTATION_COMMENTS = YES;
				CLANG_WARN_EMPTY_BODY = YES;
				CLANG_WARN_ENUM_CONVERSION = YES;
				CLANG_WARN_INFINITE_RECURSION = YES;
				CLANG_WARN_INT_CONVERSION = YES;
				CLANG_WARN_NON_LITERAL_NULL_CONVERSION = YES;
				CLANG_WARN_OBJC_IMPLICIT_RETAIN_SELF = YES;
				CLANG_WARN_OBJC_LITERAL_CONVERSION = YES;
				CLANG_WARN_OBJC_ROOT_CLASS = YES_ERROR;
				CLANG_WARN_RANGE_LOOP_ANALYSIS = YES;
				CLANG_WARN_STRICT_PROTOTYPES = YES;
				CLANG_WARN_SUSPICIOUS_MOVE = YES;
				CLANG_WARN_UNGUARDED_AVAILABILITY = YES_AGGRESSIVE;
				CLANG_WARN_UNREACHABLE_CODE = YES;
				CLANG_WARN__DUPLICATE_METHOD_MATCH = YES;
				CODE_SIGN_IDENTITY = "iPhone Developer";
				COPY_PHASE_STRIP = NO;
				DEBUG_INFORMATION_FORMAT = dwarf;
				ENABLE_STRICT_OBJC_MSGSEND = YES;
				ENABLE_TESTABILITY = YES;
				GCC_C_LANGUAGE_STANDARD = gnu11;
				GCC_DYNAMIC_NO_PIC = NO;
				GCC_NO_COMMON_BLOCKS = YES;
				GCC_OPTIMIZATION_LEVEL = 0;
				GCC_PREPROCESSOR_DEFINITIONS = (
					"DEBUG=1",
					"$(inherited)",
				);
				GCC_WARN_64_TO_32_BIT_CONVERSION = YES;
				GCC_WARN_ABOUT_RETURN_TYPE = YES_ERROR;
				GCC_WARN_UNDECLARED_SELECTOR = YES;
				GCC_WARN_UNINITIALIZED_AUTOS = YES_AGGRESSIVE;
				GCC_WARN_UNUSED_FUNCTION = YES;
				GCC_WARN_UNUSED_VARIABLE = YES;
				IPHONEOS_DEPLOYMENT_TARGET = 12.2;
				MTL_ENABLE_DEBUG_INFO = INCLUDE_SOURCE;
				MTL_FAST_MATH = YES;
				ONLY_ACTIVE_ARCH = YES;
				SDKROOT = iphoneos;
				SWIFT_ACTIVE_COMPILATION_CONDITIONS = DEBUG;
				SWIFT_OPTIMIZATION_LEVEL = "-Onone";
			};
			name = Debug;
		};
		8981E2CB22D41DE000E2EFE5 /* Release */ = {
			isa = XCBuildConfiguration;
			buildSettings = {
				ALWAYS_SEARCH_USER_PATHS = NO;
				CLANG_ANALYZER_NONNULL = YES;
				CLANG_ANALYZER_NUMBER_OBJECT_CONVERSION = YES_AGGRESSIVE;
				CLANG_CXX_LANGUAGE_STANDARD = "gnu++14";
				CLANG_CXX_LIBRARY = "libc++";
				CLANG_ENABLE_MODULES = YES;
				CLANG_ENABLE_OBJC_ARC = YES;
				CLANG_ENABLE_OBJC_WEAK = YES;
				CLANG_WARN_BLOCK_CAPTURE_AUTORELEASING = YES;
				CLANG_WARN_BOOL_CONVERSION = YES;
				CLANG_WARN_COMMA = YES;
				CLANG_WARN_CONSTANT_CONVERSION = YES;
				CLANG_WARN_DEPRECATED_OBJC_IMPLEMENTATIONS = YES;
				CLANG_WARN_DIRECT_OBJC_ISA_USAGE = YES_ERROR;
				CLANG_WARN_DOCUMENTATION_COMMENTS = YES;
				CLANG_WARN_EMPTY_BODY = YES;
				CLANG_WARN_ENUM_CONVERSION = YES;
				CLANG_WARN_INFINITE_RECURSION = YES;
				CLANG_WARN_INT_CONVERSION = YES;
				CLANG_WARN_NON_LITERAL_NULL_CONVERSION = YES;
				CLANG_WARN_OBJC_IMPLICIT_RETAIN_SELF = YES;
				CLANG_WARN_OBJC_LITERAL_CONVERSION = YES;
				CLANG_WARN_OBJC_ROOT_CLASS = YES_ERROR;
				CLANG_WARN_RANGE_LOOP_ANALYSIS = YES;
				CLANG_WARN_STRICT_PROTOTYPES = YES;
				CLANG_WARN_SUSPICIOUS_MOVE = YES;
				CLANG_WARN_UNGUARDED_AVAILABILITY = YES_AGGRESSIVE;
				CLANG_WARN_UNREACHABLE_CODE = YES;
				CLANG_WARN__DUPLICATE_METHOD_MATCH = YES;
				CODE_SIGN_IDENTITY = "iPhone Developer";
				COPY_PHASE_STRIP = NO;
				DEBUG_INFORMATION_FORMAT = "dwarf-with-dsym";
				ENABLE_NS_ASSERTIONS = NO;
				ENABLE_STRICT_OBJC_MSGSEND = YES;
				GCC_C_LANGUAGE_STANDARD = gnu11;
				GCC_NO_COMMON_BLOCKS = YES;
				GCC_WARN_64_TO_32_BIT_CONVERSION = YES;
				GCC_WARN_ABOUT_RETURN_TYPE = YES_ERROR;
				GCC_WARN_UNDECLARED_SELECTOR = YES;
				GCC_WARN_UNINITIALIZED_AUTOS = YES_AGGRESSIVE;
				GCC_WARN_UNUSED_FUNCTION = YES;
				GCC_WARN_UNUSED_VARIABLE = YES;
				IPHONEOS_DEPLOYMENT_TARGET = 12.2;
				MTL_ENABLE_DEBUG_INFO = NO;
				MTL_FAST_MATH = YES;
				SDKROOT = iphoneos;
				SWIFT_COMPILATION_MODE = wholemodule;
				SWIFT_OPTIMIZATION_LEVEL = "-O";
				VALIDATE_PRODUCT = YES;
			};
			name = Release;
		};
		8981E2CD22D41DE000E2EFE5 /* Debug */ = {
			isa = XCBuildConfiguration;
			buildSettings = {
				ASSETCATALOG_COMPILER_APPICON_NAME = AppIcon;
				CODE_SIGN_STYLE = Automatic;
				DEVELOPMENT_TEAM = HXU23UYV46;
				INFOPLIST_FILE = FRNetworkSample/Info.plist;
				IPHONEOS_DEPLOYMENT_TARGET = 10.0;
				LD_RUNPATH_SEARCH_PATHS = (
					"$(inherited)",
					"@executable_path/Frameworks",
				);
				PRODUCT_BUNDLE_IDENTIFIER = com.Fermata.FRNetworkSample;
				PRODUCT_NAME = "$(TARGET_NAME)";
				SWIFT_VERSION = 5.0;
				TARGETED_DEVICE_FAMILY = "1,2";
			};
			name = Debug;
		};
		8981E2CE22D41DE000E2EFE5 /* Release */ = {
			isa = XCBuildConfiguration;
			buildSettings = {
				ASSETCATALOG_COMPILER_APPICON_NAME = AppIcon;
				CODE_SIGN_STYLE = Automatic;
				DEVELOPMENT_TEAM = HXU23UYV46;
				INFOPLIST_FILE = FRNetworkSample/Info.plist;
				IPHONEOS_DEPLOYMENT_TARGET = 10.0;
				LD_RUNPATH_SEARCH_PATHS = (
					"$(inherited)",
					"@executable_path/Frameworks",
				);
				PRODUCT_BUNDLE_IDENTIFIER = com.Fermata.FRNetworkSample;
				PRODUCT_NAME = "$(TARGET_NAME)";
				SWIFT_VERSION = 5.0;
				TARGETED_DEVICE_FAMILY = "1,2";
			};
			name = Release;
		};
/* End XCBuildConfiguration section */

/* Begin XCConfigurationList section */
		8981E2B522D41DDF00E2EFE5 /* Build configuration list for PBXProject "FRNetworkSample" */ = {
			isa = XCConfigurationList;
			buildConfigurations = (
				8981E2CA22D41DE000E2EFE5 /* Debug */,
				8981E2CB22D41DE000E2EFE5 /* Release */,
			);
			defaultConfigurationIsVisible = 0;
			defaultConfigurationName = Release;
		};
		8981E2CC22D41DE000E2EFE5 /* Build configuration list for PBXNativeTarget "FRNetworkSample" */ = {
			isa = XCConfigurationList;
			buildConfigurations = (
				8981E2CD22D41DE000E2EFE5 /* Debug */,
				8981E2CE22D41DE000E2EFE5 /* Release */,
			);
			defaultConfigurationIsVisible = 0;
			defaultConfigurationName = Release;
		};
/* End XCConfigurationList section */
	};
	rootObject = 8981E2B222D41DDF00E2EFE5 /* Project object */;
}
